
Microsoft Visual Studio Solution File, Format Version 12.00
# Visual Studio Version 17
VisualStudioVersion = 17.4.33213.308
MinimumVisualStudioVersion = 10.0.40219.1
Project("{FAE04EC0-301F-11D3-BF4B-00C04F79EFBC}") = "OOP_2", "OOP_2\OOP_2.csproj", "{D8D51D09-0ED8-4C2D-A060-F16F5988746D}"
EndProject
Global
	GlobalSection(SolutionConfigurationPlatforms) = preSolution
		Debug|Any CPU = Debug|Any CPU
		Release|Any CPU = Release|Any CPU
	EndGlobalSection
	GlobalSection(ProjectConfigurationPlatforms) = postSolution
		{D8D51D09-0ED8-4C2D-A060-F16F5988746D}.Debug|Any CPU.ActiveCfg = Debug|Any CPU
		{D8D51D09-0ED8-4C2D-A060-F16F5988746D}.Debug|Any CPU.Build.0 = Debug|Any CPU
		{D8D51D09-0ED8-4C2D-A060-F16F5988746D}.Release|Any CPU.ActiveCfg = Release|Any CPU
		{D8D51D09-0ED8-4C2D-A060-F16F5988746D}.Release|Any CPU.Build.0 = Release|Any CPU
	EndGlobalSection
	GlobalSection(SolutionProperties) = preSolution
		HideSolutionNode = FALSE
	EndGlobalSection
	GlobalSection(ExtensibilityGlobals) = postSolution
		SolutionGuid = {F4F4A76A-5921-4870-84DD-9DCAF3A14774}
	EndGlobalSection
EndGlobal
